
Microsoft Visual Studio Solution File, Format Version 12.00
# Visual Studio Version 17
VisualStudioVersion = 17.7.34202.233
MinimumVisualStudioVersion = 10.0.40219.1
Project("{FAE04EC0-301F-11D3-BF4B-00C04F79EFBC}") = "StrategyEx", "StrategyEx\StrategyEx.csproj", "{043F33B9-9AF9-411D-927C-98C8C9BD0FA0}"
EndProject
Global
	GlobalSection(SolutionConfigurationPlatforms) = preSolution
		Debug|Any CPU = Debug|Any CPU
		Release|Any CPU = Release|Any CPU
	EndGlobalSection
	GlobalSection(ProjectConfigurationPlatforms) = postSolution
		{043F33B9-9AF9-411D-927C-98C8C9BD0FA0}.Debug|Any CPU.ActiveCfg = Debug|Any CPU
		{043F33B9-9AF9-411D-927C-98C8C9BD0FA0}.Debug|Any CPU.Build.0 = Debug|Any CPU
		{043F33B9-9AF9-411D-927C-98C8C9BD0FA0}.Release|Any CPU.ActiveCfg = Release|Any CPU
		{043F33B9-9AF9-411D-927C-98C8C9BD0FA0}.Release|Any CPU.Build.0 = Release|Any CPU
	EndGlobalSection
	GlobalSection(SolutionProperties) = preSolution
		HideSolutionNode = FALSE
	EndGlobalSection
	GlobalSection(ExtensibilityGlobals) = postSolution
		SolutionGuid = {2E890B8D-3E6E-4EEB-89DD-EE5A63F195BF}
	EndGlobalSection
EndGlobal
